// !$*UTF8*$!
{
	archiveVersion = 1;
	classes = {
	};
	objectVersion = 56;
	objects = {

/* Begin PBXBuildFile section */
		F99373C22E371B66000F7CA7 /* MoodTracker.xcdatamodeld in Sources */ = {isa = PBXBuildFile; fileRef = F99373C02E371B66000F7CA7 /* MoodTracker.xcdatamodeld */; };
		F9D313062E36F2E200F82730 /* MoodTrackerApp.swift in Sources */ = {isa = PBXBuildFile; fileRef = F9D313052E36F2E200F82730 /* MoodTrackerApp.swift */; };
		F9D3130A2E36F2EE00F82730 /* Assets.xcassets in Resources */ = {isa = PBXBuildFile; fileRef = F9D313092E36F2EE00F82730 /* Assets.xcassets */; };
		F9D3130D2E36F2EE00F82730 /* Preview Assets.xcassets in Resources */ = {isa = PBXBuildFile; fileRef = F9D3130C2E36F2EE00F82730 /* Preview Assets.xcassets */; };
		F9D313222E36F4EB00F82730 /* MoodTracker.png in Resources */ = {isa = PBXBuildFile; fileRef = F9D313152E36F4E800F82730 /* MoodTracker.png */; };
		F9D313232E36F4EB00F82730 /* PersistenceController.swift in Sources */ = {isa = PBXBuildFile; fileRef = F9D313162E36F4E800F82730 /* PersistenceController.swift */; };
		F9D313242E36F4EB00F82730 /* AnalyticsView.swift in Sources */ = {isa = PBXBuildFile; fileRef = F9D313172E36F4E900F82730 /* AnalyticsView.swift */; };
		F9D313252E36F4EB00F82730 /* MoodEntryView.swift in Sources */ = {isa = PBXBuildFile; fileRef = F9D313182E36F4E900F82730 /* MoodEntryView.swift */; };
		F9D313262E36F4EB00F82730 /* CustomUIIntegration.swift in Sources */ = {isa = PBXBuildFile; fileRef = F9D313192E36F4E900F82730 /* CustomUIIntegration.swift */; };
		F9D313272E36F4EB00F82730 /* ContentView.swift in Sources */ = {isa = PBXBuildFile; fileRef = F9D3131A2E36F4E900F82730 /* ContentView.swift */; };
		F9D313282E36F4EB00F82730 /* HistoryView.swift in Sources */ = {isa = PBXBuildFile; fileRef = F9D3131B2E36F4E900F82730 /* HistoryView.swift */; };
		F9D313292E36F4EB00F82730 /* NotificationManager.swift in Sources */ = {isa = PBXBuildFile; fileRef = F9D3131C2E36F4EA00F82730 /* NotificationManager.swift */; };
		F9D3132B2E36F4EB00F82730 /* UIStylingManager.swift in Sources */ = {isa = PBXBuildFile; fileRef = F9D3131E2E36F4EA00F82730 /* UIStylingManager.swift */; };
		F9D3132C2E36F4EB00F82730 /* AppStoreAssets.swift in Sources */ = {isa = PBXBuildFile; fileRef = F9D3131F2E36F4EA00F82730 /* AppStoreAssets.swift */; };
		F9D3132E2E36F4EB00F82730 /* SettingsView.swift in Sources */ = {isa = PBXBuildFile; fileRef = F9D313212E36F4EA00F82730 /* SettingsView.swift */; };
/* End PBXBuildFile section */

/* Begin PBXFileReference section */
		F99373C12E371B66000F7CA7 /* MoodTracker.xcdatamodel */ = {isa = PBXFileReference; lastKnownFileType = wrapper.xcdatamodel; path = MoodTracker.xcdatamodel; sourceTree = "<group>"; };
		F99373C42E3721CB000F7CA7 /* MoodTracker */ = {isa = PBXFileReference; lastKnownFileType = folder; path = MoodTracker; sourceTree = "<group>"; };
		F9D313022E36F2E200F82730 /* MoodTracker.app */ = {isa = PBXFileReference; explicitFileType = wrapper.application; includeInIndex = 0; path = MoodTracker.app; sourceTree = BUILT_PRODUCTS_DIR; };
		F9D313052E36F2E200F82730 /* MoodTrackerApp.swift */ = {isa = PBXFileReference; lastKnownFileType = sourcecode.swift; path = MoodTrackerApp.swift; sourceTree = "<group>"; };
		F9D313092E36F2EE00F82730 /* Assets.xcassets */ = {isa = PBXFileReference; lastKnownFileType = folder.assetcatalog; path = Assets.xcassets; sourceTree = "<group>"; };
		F9D3130C2E36F2EE00F82730 /* Preview Assets.xcassets */ = {isa = PBXFileReference; lastKnownFileType = folder.assetcatalog; path = "Preview Assets.xcassets"; sourceTree = "<group>"; };
		F9D313152E36F4E800F82730 /* MoodTracker.png */ = {isa = PBXFileReference; lastKnownFileType = image.png; path = MoodTracker.png; sourceTree = "<group>"; };
		F9D313162E36F4E800F82730 /* PersistenceController.swift */ = {isa = PBXFileReference; fileEncoding = 4; lastKnownFileType = sourcecode.swift; path = PersistenceController.swift; sourceTree = "<group>"; };
		F9D313172E36F4E900F82730 /* AnalyticsView.swift */ = {isa = PBXFileReference; fileEncoding = 4; lastKnownFileType = sourcecode.swift; path = AnalyticsView.swift; sourceTree = "<group>"; };
		F9D313182E36F4E900F82730 /* MoodEntryView.swift */ = {isa = PBXFileReference; fileEncoding = 4; lastKnownFileType = sourcecode.swift; path = MoodEntryView.swift; sourceTree = "<group>"; };
		F9D313192E36F4E900F82730 /* CustomUIIntegration.swift */ = {isa = PBXFileReference; fileEncoding = 4; lastKnownFileType = sourcecode.swift; path = CustomUIIntegration.swift; sourceTree = "<group>"; };
		F9D3131A2E36F4E900F82730 /* ContentView.swift */ = {isa = PBXFileReference; fileEncoding = 4; lastKnownFileType = sourcecode.swift; path = ContentView.swift; sourceTree = "<group>"; };
		F9D3131B2E36F4E900F82730 /* HistoryView.swift */ = {isa = PBXFileReference; fileEncoding = 4; lastKnownFileType = sourcecode.swift; path = HistoryView.swift; sourceTree = "<group>"; };
		F9D3131C2E36F4EA00F82730 /* NotificationManager.swift */ = {isa = PBXFileReference; fileEncoding = 4; lastKnownFileType = sourcecode.swift; path = NotificationManager.swift; sourceTree = "<group>"; };
		F9D3131E2E36F4EA00F82730 /* UIStylingManager.swift */ = {isa = PBXFileReference; fileEncoding = 4; lastKnownFileType = sourcecode.swift; path = UIStylingManager.swift; sourceTree = "<group>"; };
		F9D3131F2E36F4EA00F82730 /* AppStoreAssets.swift */ = {isa = PBXFileReference; fileEncoding = 4; lastKnownFileType = sourcecode.swift; path = AppStoreAssets.swift; sourceTree = "<group>"; };
		F9D313212E36F4EA00F82730 /* SettingsView.swift */ = {isa = PBXFileReference; fileEncoding = 4; lastKnownFileType = sourcecode.swift; path = SettingsView.swift; sourceTree = "<group>"; };
/* End PBXFileReference section */

/* Begin PBXFrameworksBuildPhase section */
		F9D312FF2E36F2E200F82730 /* Frameworks */ = {
			isa = PBXFrameworksBuildPhase;
			buildActionMask = 2147483647;
			files = (
			);
			runOnlyForDeploymentPostprocessing = 0;
		};
/* End PBXFrameworksBuildPhase section */

/* Begin PBXGroup section */
		F9D312F92E36F2E100F82730 = {
			isa = PBXGroup;
			children = (
				F99373C02E371B66000F7CA7 /* MoodTracker.xcdatamodeld */,
				F99373C42E3721CB000F7CA7 /* MoodTracker */,
				F9D313172E36F4E900F82730 /* AnalyticsView.swift */,
				F9D3131F2E36F4EA00F82730 /* AppStoreAssets.swift */,
				F9D3131A2E36F4E900F82730 /* ContentView.swift */,
				F9D313192E36F4E900F82730 /* CustomUIIntegration.swift */,
				F9D3131B2E36F4E900F82730 /* HistoryView.swift */,
				F9D313182E36F4E900F82730 /* MoodEntryView.swift */,
				F9D313152E36F4E800F82730 /* MoodTracker.png */,
				F9D3131C2E36F4EA00F82730 /* NotificationManager.swift */,
				F9D313162E36F4E800F82730 /* PersistenceController.swift */,
				F9D313212E36F4EA00F82730 /* SettingsView.swift */,
				F9D3131E2E36F4EA00F82730 /* UIStylingManager.swift */,
				F9D313042E36F2E200F82730 /* MoodTracker */,
				F9D313032E36F2E200F82730 /* Products */,
			);
			sourceTree = "<group>";
		};
		F9D313032E36F2E200F82730 /* Products */ = {
			isa = PBXGroup;
			children = (
				F9D313022E36F2E200F82730 /* MoodTracker.app */,
			);
			name = Products;
			sourceTree = "<group>";
		};
		F9D313042E36F2E200F82730 /* MoodTracker */ = {
			isa = PBXGroup;
			children = (
				F9D313052E36F2E200F82730 /* MoodTrackerApp.swift */,
				F9D313092E36F2EE00F82730 /* Assets.xcassets */,
				F9D3130B2E36F2EE00F82730 /* Preview Content */,
			);
			path = MoodTracker;
			sourceTree = "<group>";
		};
		F9D3130B2E36F2EE00F82730 /* Preview Content */ = {
			isa = PBXGroup;
			children = (
				F9D3130C2E36F2EE00F82730 /* Preview Assets.xcassets */,
			);
			path = "Preview Content";
			sourceTree = "<group>";
		};
/* End PBXGroup section */

/* Begin PBXNativeTarget section */
		F9D313012E36F2E200F82730 /* MoodTracker */ = {
			isa = PBXNativeTarget;
			buildConfigurationList = F9D313102E36F2EE00F82730 /* Build configuration list for PBXNativeTarget "MoodTracker" */;
			buildPhases = (
				F9D312FE2E36F2E200F82730 /* Sources */,
				F9D312FF2E36F2E200F82730 /* Frameworks */,
				F9D313002E36F2E200F82730 /* Resources */,
			);
			buildRules = (
			);
			dependencies = (
			);
			name = MoodTracker;
			productName = MoodTracker;
			productReference = F9D313022E36F2E200F82730 /* MoodTracker.app */;
			productType = "com.apple.product-type.application";
		};
/* End PBXNativeTarget section */

/* Begin PBXProject section */
		F9D312FA2E36F2E100F82730 /* Project object */ = {
			isa = PBXProject;
			attributes = {
				BuildIndependentTargetsInParallel = 1;
				LastSwiftUpdateCheck = 1520;
				LastUpgradeCheck = 1520;
				TargetAttributes = {
					F9D313012E36F2E200F82730 = {
						CreatedOnToolsVersion = 15.2;
					};
				};
			};
			buildConfigurationList = F9D312FD2E36F2E100F82730 /* Build configuration list for PBXProject "MoodTracker" */;
			compatibilityVersion = "Xcode 14.0";
			developmentRegion = en;
			hasScannedForEncodings = 0;
			knownRegions = (
				en,
				Base,
			);
			mainGroup = F9D312F92E36F2E100F82730;
			productRefGroup = F9D313032E36F2E200F82730 /* Products */;
			projectDirPath = "";
			projectRoot = "";
			targets = (
				F9D313012E36F2E200F82730 /* MoodTracker */,
			);
		};
/* End PBXProject section */

/* Begin PBXResourcesBuildPhase section */
		F9D313002E36F2E200F82730 /* Resources */ = {
			isa = PBXResourcesBuildPhase;
			buildActionMask = 2147483647;
			files = (
				F9D3130D2E36F2EE00F82730 /* Preview Assets.xcassets in Resources */,
				F9D313222E36F4EB00F82730 /* MoodTracker.png in Resources */,
				F9D3130A2E36F2EE00F82730 /* Assets.xcassets in Resources */,
			);
			runOnlyForDeploymentPostprocessing = 0;
		};
/* End PBXResourcesBuildPhase section */

/* Begin PBXSourcesBuildPhase section */
		F9D312FE2E36F2E200F82730 /* Sources */ = {
			isa = PBXSourcesBuildPhase;
			buildActionMask = 2147483647;
			files = (
				F9D313232E36F4EB00F82730 /* PersistenceController.swift in Sources */,
				F9D313282E36F4EB00F82730 /* HistoryView.swift in Sources */,
				F9D313242E36F4EB00F82730 /* AnalyticsView.swift in Sources */,
				F99373C22E371B66000F7CA7 /* MoodTracker.xcdatamodeld in Sources */,
				F9D313292E36F4EB00F82730 /* NotificationManager.swift in Sources */,
				F9D313272E36F4EB00F82730 /* ContentView.swift in Sources */,
				F9D3132B2E36F4EB00F82730 /* UIStylingManager.swift in Sources */,
				F9D3132E2E36F4EB00F82730 /* SettingsView.swift in Sources */,
				F9D313262E36F4EB00F82730 /* CustomUIIntegration.swift in Sources */,
				F9D3132C2E36F4EB00F82730 /* AppStoreAssets.swift in Sources */,
				F9D313062E36F2E200F82730 /* MoodTrackerApp.swift in Sources */,
				F9D313252E36F4EB00F82730 /* MoodEntryView.swift in Sources */,
			);
			runOnlyForDeploymentPostprocessing = 0;
		};
/* End PBXSourcesBuildPhase section */

/* Begin XCBuildConfiguration section */
		F9D3130E2E36F2EE00F82730 /* Debug */ = {
			isa = XCBuildConfiguration;
			buildSettings = {
				ALWAYS_EMBED_SWIFT_STANDARD_LIBRARIES = YES;
				ALWAYS_SEARCH_USER_PATHS = NO;
				ASSETCATALOG_COMPILER_GENERATE_SWIFT_ASSET_SYMBOL_EXTENSIONS = YES;
				CLANG_ANALYZER_NONNULL = YES;
				CLANG_ANALYZER_NUMBER_OBJECT_CONVERSION = YES_AGGRESSIVE;
				CLANG_CXX_LANGUAGE_STANDARD = "gnu++20";
				CLANG_ENABLE_MODULES = YES;
				CLANG_ENABLE_OBJC_ARC = YES;
				CLANG_ENABLE_OBJC_WEAK = YES;
				CLANG_WARN_BLOCK_CAPTURE_AUTORELEASING = YES;
				CLANG_WARN_BOOL_CONVERSION = YES;
				CLANG_WARN_COMMA = YES;
				CLANG_WARN_CONSTANT_CONVERSION = YES;
				CLANG_WARN_DEPRECATED_OBJC_IMPLEMENTATIONS = YES;
				CLANG_WARN_DIRECT_OBJC_ISA_USAGE = YES_ERROR;
				CLANG_WARN_DOCUMENTATION_COMMENTS = YES;
				CLANG_WARN_EMPTY_BODY = YES;
				CLANG_WARN_ENUM_CONVERSION = YES;
				CLANG_WARN_INFINITE_RECURSION = YES;
				CLANG_WARN_INT_CONVERSION = YES;
				CLANG_WARN_NON_LITERAL_NULL_CONVERSION = YES;
				CLANG_WARN_OBJC_IMPLICIT_RETAIN_SELF = YES;
				CLANG_WARN_OBJC_LITERAL_CONVERSION = YES;
				CLANG_WARN_OBJC_ROOT_CLASS = YES_ERROR;
				CLANG_WARN_QUOTED_INCLUDE_IN_FRAMEWORK_HEADER = YES;
				CLANG_WARN_RANGE_LOOP_ANALYSIS = YES;
				CLANG_WARN_STRICT_PROTOTYPES = YES;
				CLANG_WARN_SUSPICIOUS_MOVE = YES;
				CLANG_WARN_UNGUARDED_AVAILABILITY = YES_AGGRESSIVE;
				CLANG_WARN_UNREACHABLE_CODE = YES;
				CLANG_WARN__DUPLICATE_METHOD_MATCH = YES;
				COPY_PHASE_STRIP = NO;
				DEBUG_INFORMATION_FORMAT = dwarf;
				ENABLE_STRICT_OBJC_MSGSEND = YES;
				ENABLE_TESTABILITY = YES;
				ENABLE_USER_SCRIPT_SANDBOXING = YES;
				GCC_C_LANGUAGE_STANDARD = gnu17;
				GCC_DYNAMIC_NO_PIC = NO;
				GCC_NO_COMMON_BLOCKS = YES;
				GCC_OPTIMIZATION_LEVEL = 0;
				GCC_PREPROCESSOR_DEFINITIONS = (
					"DEBUG=1",
					"$(inherited)",
				);
				GCC_WARN_64_TO_32_BIT_CONVERSION = YES;
				GCC_WARN_ABOUT_RETURN_TYPE = YES_ERROR;
				GCC_WARN_UNDECLARED_SELECTOR = YES;
				GCC_WARN_UNINITIALIZED_AUTOS = YES_AGGRESSIVE;
				GCC_WARN_UNUSED_FUNCTION = YES;
				GCC_WARN_UNUSED_VARIABLE = YES;
				IPHONEOS_DEPLOYMENT_TARGET = 17.2;
				LOCALIZATION_PREFERS_STRING_CATALOGS = YES;
				MTL_ENABLE_DEBUG_INFO = INCLUDE_SOURCE;
				MTL_FAST_MATH = YES;
				ONLY_ACTIVE_ARCH = YES;
				SDKROOT = iphoneos;
				SWIFT_ACTIVE_COMPILATION_CONDITIONS = "DEBUG $(inherited)";
				SWIFT_OPTIMIZATION_LEVEL = "-Onone";
			};
			name = Debug;
		};
		F9D3130F2E36F2EE00F82730 /* Release */ = {
			isa = XCBuildConfiguration;
			buildSettings = {
				ALWAYS_EMBED_SWIFT_STANDARD_LIBRARIES = YES;
				ALWAYS_SEARCH_USER_PATHS = NO;
				ASSETCATALOG_COMPILER_GENERATE_SWIFT_ASSET_SYMBOL_EXTENSIONS = YES;
				CLANG_ANALYZER_NONNULL = YES;
				CLANG_ANALYZER_NUMBER_OBJECT_CONVERSION = YES_AGGRESSIVE;
				CLANG_CXX_LANGUAGE_STANDARD = "gnu++20";
				CLANG_ENABLE_MODULES = YES;
				CLANG_ENABLE_OBJC_ARC = YES;
				CLANG_ENABLE_OBJC_WEAK = YES;
				CLANG_WARN_BLOCK_CAPTURE_AUTORELEASING = YES;
				CLANG_WARN_BOOL_CONVERSION = YES;
				CLANG_WARN_COMMA = YES;
				CLANG_WARN_CONSTANT_CONVERSION = YES;
				CLANG_WARN_DEPRECATED_OBJC_IMPLEMENTATIONS = YES;
				CLANG_WARN_DIRECT_OBJC_ISA_USAGE = YES_ERROR;
				CLANG_WARN_DOCUMENTATION_COMMENTS = YES;
				CLANG_WARN_EMPTY_BODY = YES;
				CLANG_WARN_ENUM_CONVERSION = YES;
				CLANG_WARN_INFINITE_RECURSION = YES;
				CLANG_WARN_INT_CONVERSION = YES;
				CLANG_WARN_NON_LITERAL_NULL_CONVERSION = YES;
				CLANG_WARN_OBJC_IMPLICIT_RETAIN_SELF = YES;
				CLANG_WARN_OBJC_LITERAL_CONVERSION = YES;
				CLANG_WARN_OBJC_ROOT_CLASS = YES_ERROR;
				CLANG_WARN_QUOTED_INCLUDE_IN_FRAMEWORK_HEADER = YES;
				CLANG_WARN_RANGE_LOOP_ANALYSIS = YES;
				CLANG_WARN_STRICT_PROTOTYPES = YES;
				CLANG_WARN_SUSPICIOUS_MOVE = YES;
				CLANG_WARN_UNGUARDED_AVAILABILITY = YES_AGGRESSIVE;
				CLANG_WARN_UNREACHABLE_CODE = YES;
				CLANG_WARN__DUPLICATE_METHOD_MATCH = YES;
				COPY_PHASE_STRIP = NO;
				DEBUG_INFORMATION_FORMAT = "dwarf-with-dsym";
				ENABLE_NS_ASSERTIONS = NO;
				ENABLE_STRICT_OBJC_MSGSEND = YES;
				ENABLE_USER_SCRIPT_SANDBOXING = YES;
				GCC_C_LANGUAGE_STANDARD = gnu17;
				GCC_NO_COMMON_BLOCKS = YES;
				GCC_WARN_64_TO_32_BIT_CONVERSION = YES;
				GCC_WARN_ABOUT_RETURN_TYPE = YES_ERROR;
				GCC_WARN_UNDECLARED_SELECTOR = YES;
				GCC_WARN_UNINITIALIZED_AUTOS = YES_AGGRESSIVE;
				GCC_WARN_UNUSED_FUNCTION = YES;
				GCC_WARN_UNUSED_VARIABLE = YES;
				IPHONEOS_DEPLOYMENT_TARGET = 17.2;
				LOCALIZATION_PREFERS_STRING_CATALOGS = YES;
				MTL_ENABLE_DEBUG_INFO = NO;
				MTL_FAST_MATH = YES;
				SDKROOT = iphoneos;
				SWIFT_COMPILATION_MODE = wholemodule;
				VALIDATE_PRODUCT = YES;
			};
			name = Release;
		};
		F9D313112E36F2EE00F82730 /* Debug */ = {
			isa = XCBuildConfiguration;
			buildSettings = {
				ASSETCATALOG_COMPILER_APPICON_NAME = AppIcon;
				ASSETCATALOG_COMPILER_GLOBAL_ACCENT_COLOR_NAME = AccentColor;
				CODE_SIGN_STYLE = Automatic;
				CURRENT_PROJECT_VERSION = 1;
				DEVELOPMENT_ASSET_PATHS = "\"MoodTracker/Preview Content\"";
				DEVELOPMENT_TEAM = GGVPL4U8S6;
				ENABLE_PREVIEWS = YES;
				GENERATE_INFOPLIST_FILE = YES;
				INFOPLIST_KEY_UIApplicationSceneManifest_Generation = YES;
				INFOPLIST_KEY_UIApplicationSupportsIndirectInputEvents = YES;
				INFOPLIST_KEY_UILaunchScreen_Generation = YES;
				INFOPLIST_KEY_UISupportedInterfaceOrientations = "UIInterfaceOrientationPortrait UIInterfaceOrientationPortraitUpsideDown";
				INFOPLIST_KEY_UISupportedInterfaceOrientations_iPad = "UIInterfaceOrientationLandscapeLeft UIInterfaceOrientationLandscapeRight UIInterfaceOrientationPortrait UIInterfaceOrientationPortraitUpsideDown";
				IPHONEOS_DEPLOYMENT_TARGET = 16.0;
				LD_RUNPATH_SEARCH_PATHS = (
					"$(inherited)",
					"@executable_path/Frameworks",
				);
				MARKETING_VERSION = 1.0;
				PRODUCT_BUNDLE_IDENTIFIER = com.zaranwala.MoodTracker;
				PRODUCT_NAME = "$(TARGET_NAME)";
				SUPPORTED_PLATFORMS = "iphoneos iphonesimulator";
				SUPPORTS_MACCATALYST = NO;
				SUPPORTS_MAC_DESIGNED_FOR_IPHONE_IPAD = NO;
				SUPPORTS_XR_DESIGNED_FOR_IPHONE_IPAD = NO;
				SWIFT_EMIT_LOC_STRINGS = YES;
				SWIFT_VERSION = 5.0;
				TARGETED_DEVICE_FAMILY = "1,2";
			};
			name = Debug;
		};
		F9D313122E36F2EE00F82730 /* Release */ = {
			isa = XCBuildConfiguration;
			buildSettings = {
				ASSETCATALOG_COMPILER_APPICON_NAME = AppIcon;
				ASSETCATALOG_COMPILER_GLOBAL_ACCENT_COLOR_NAME = AccentColor;
				CODE_SIGN_STYLE = Automatic;
				CURRENT_PROJECT_VERSION = 1;
				DEVELOPMENT_ASSET_PATHS = "\"MoodTracker/Preview Content\"";
				DEVELOPMENT_TEAM = GGVPL4U8S6;
				ENABLE_PREVIEWS = YES;
				GENERATE_INFOPLIST_FILE = YES;
				INFOPLIST_KEY_UIApplicationSceneManifest_Generation = YES;
				INFOPLIST_KEY_UIApplicationSupportsIndirectInputEvents = YES;
				INFOPLIST_KEY_UILaunchScreen_Generation = YES;
				INFOPLIST_KEY_UISupportedInterfaceOrientations = "UIInterfaceOrientationPortrait UIInterfaceOrientationPortraitUpsideDown";
				INFOPLIST_KEY_UISupportedInterfaceOrientations_iPad = "UIInterfaceOrientationLandscapeLeft UIInterfaceOrientationLandscapeRight UIInterfaceOrientationPortrait UIInterfaceOrientationPortraitUpsideDown";
				IPHONEOS_DEPLOYMENT_TARGET = 16.0;
				LD_RUNPATH_SEARCH_PATHS = (
					"$(inherited)",
					"@executable_path/Frameworks",
				);
				MARKETING_VERSION = 1.0;
				PRODUCT_BUNDLE_IDENTIFIER = com.zaranwala.MoodTracker;
				PRODUCT_NAME = "$(TARGET_NAME)";
				SUPPORTED_PLATFORMS = "iphoneos iphonesimulator";
				SUPPORTS_MACCATALYST = NO;
				SUPPORTS_MAC_DESIGNED_FOR_IPHONE_IPAD = NO;
				SUPPORTS_XR_DESIGNED_FOR_IPHONE_IPAD = NO;
				SWIFT_EMIT_LOC_STRINGS = YES;
				SWIFT_VERSION = 5.0;
				TARGETED_DEVICE_FAMILY = "1,2";
			};
			name = Release;
		};
/* End XCBuildConfiguration section */

/* Begin XCConfigurationList section */
		F9D312FD2E36F2E100F82730 /* Build configuration list for PBXProject "MoodTracker" */ = {
			isa = XCConfigurationList;
			buildConfigurations = (
				F9D3130E2E36F2EE00F82730 /* Debug */,
				F9D3130F2E36F2EE00F82730 /* Release */,
			);
			defaultConfigurationIsVisible = 0;
			defaultConfigurationName = Release;
		};
		F9D313102E36F2EE00F82730 /* Build configuration list for PBXNativeTarget "MoodTracker" */ = {
			isa = XCConfigurationList;
			buildConfigurations = (
				F9D313112E36F2EE00F82730 /* Debug */,
				F9D313122E36F2EE00F82730 /* Release */,
			);
			defaultConfigurationIsVisible = 0;
			defaultConfigurationName = Release;
		};
/* End XCConfigurationList section */

/* Begin XCVersionGroup section */
		F99373C02E371B66000F7CA7 /* MoodTracker.xcdatamodeld */ = {
			isa = XCVersionGroup;
			children = (
				F99373C12E371B66000F7CA7 /* MoodTracker.xcdatamodel */,
			);
			currentVersion = F99373C12E371B66000F7CA7 /* MoodTracker.xcdatamodel */;
			path = MoodTracker.xcdatamodeld;
			sourceTree = "<group>";
			versionGroupType = wrapper.xcdatamodel;
		};
/* End XCVersionGroup section */
	};
	rootObject = F9D312FA2E36F2E100F82730 /* Project object */;
}
